{
    "_meta": {
        "hash": {
            "sha256": "68b4b5f24589f206d0847dadb0e39b5b37b4f4791786eec75d81ad700470b2d1"
        },
        "pipfile-spec": 6,
        "requires": {
            "python_version": "3.9"
        },
        "sources": [
            {
                "name": "pypi",
                "url": "https://pypi.python.org/simple",
                "verify_ssl": true
            }
        ]
    },
    "default": {
        "gpxpy": {
            "hashes": [
                "sha256:e6993a8945eae07a833cd304b88bbc6c3c132d63b2bf4a9b0a5d9097616b8708"
            ],
            "index": "pypi",
            "version": "==1.5.0"
        },
        "simplekml": {
            "hashes": [
                "sha256:cda687be2754395fcab664e908ebf589facd41e8436d233d2be37a69efb1c536"
            ],
            "index": "pypi",
            "version": "==1.3.6"
        }
    },
    "develop": {}
}
