{
    "_meta": {
        "hash": {
            "sha256": "1142b8c2252e5a710e58f46072e99ca81ea5144f0b34aed7efb32100ff8d36aa"
        },
        "pipfile-spec": 6,
        "requires": {
            "python_version": "3.11"
        },
        "sources": [
            {
                "name": "pypi",
                "url": "https://pypi.python.org/simple",
                "verify_ssl": true
            }
        ]
    },
    "default": {
        "gpxpy": {
            "hashes": [
                "sha256:e6993a8945eae07a833cd304b88bbc6c3c132d63b2bf4a9b0a5d9097616b8708"
            ],
            "index": "pypi",
            "version": "==1.5.0"
        }
    },
    "develop": {}
}
